# This file is autogenerated, do not edit; changes may be undone by the next 'dep ensure'.


[[projects]]
  digest = "1:871b7cfa5fe18bfdbd4bf117c166c3cff8d3b61c8afe4e998b5b8ac0c160ca24"
  name = "github.com/alexellis/hmac"
  packages = ["."]
  pruneopts = "UT"
  revision = "d5d71edd7bc74eb6ae4b99eccc6bda738435f43f"
  version = "1.2"

[[projects]]
  digest = "1:76dc72490af7174349349838f2fe118996381b31ea83243812a97e5a0fd5ed55"
  name = "github.com/dgrijalva/jwt-go"
  packages = ["."]
  pruneopts = "UT"
  revision = "06ea1031745cb8b3dab3f6a236daf2b0aa468b7e"
  version = "v3.2.0"

[[projects]]
  digest = "1:586ea76dbd0374d6fb649a91d70d652b7fe0ccffb8910a77468e7702e7901f3d"
  name = "github.com/go-stack/stack"
  packages = ["."]
  pruneopts = "UT"
  revision = "2fee6af1a9795aafbe0253a0cfbdf668e1fb8a9a"
  version = "v1.8.0"

[[projects]]
  branch = "master"
  digest = "1:700b1e527116332847452edf9febc0c252c026785a8c3cfa3f68a8eeffb09ee8"
  name = "github.com/golang/snappy"
  packages = ["."]
  pruneopts = "UT"
  revision = "ff6b7dc882cf4cfba7ee0b9f7dcc1ac096c554aa"

[[projects]]
  digest = "1:a63cff6b5d8b95638bfe300385d93b2a6d9d687734b863da8e09dc834510a690"
  name = "github.com/google/go-querystring"
  packages = ["query"]
  pruneopts = "UT"
  revision = "44c6ddd0a2342c386950e880b658017258da92fc"
  version = "v1.0.0"

[[projects]]
  digest = "1:84a35669b4b31cc20ffc89c3b2ab32f2189fb2366a973efa1c25e009ef6ae1c6"
  name = "github.com/julienschmidt/httprouter"
  packages = ["."]
  pruneopts = "UT"
  revision = "4eec211fa4e8df74ed978dc5681612131854144f"
  version = "v1.3.0"

[[projects]]
  digest = "1:31e761d97c76151dde79e9d28964a812c46efc5baee4085b86f68f0c654450de"
  name = "github.com/konsorten/go-windows-terminal-sequences"
  packages = ["."]
  pruneopts = "UT"
  revision = "f55edac94c9bbba5d6182a4be46d86a2c9b5b50e"
  version = "v1.0.2"

[[projects]]
  digest = "1:86aada1f67a0c33c39e3a071b31e56f3da18890c2441fd14fc8385c0ed3da355"
  name = "github.com/openfaas-incubator/go-function-sdk"
  packages = ["."]
  pruneopts = "UT"
  revision = "cac4b8744921c3935ace0551f3d1240eaac69c7a"
  version = "1.0.0"

[[projects]]
  digest = "1:3aebe505cafac046be5b8de0ea3d4685b4ea170d79909dc40b2673019154e782"
  name = "github.com/plivo/plivo-go"
  packages = ["."]
  pruneopts = "UT"
  revision = "8dcdb2a2fd7b3f03b468d288c81ce4b95c58b8aa"
  version = "v4.1.0"

[[projects]]
  branch = "master"
  digest = "1:6059c6a47a5af3de2b6896a22d2bac6d395f6464bda84fa47b0cb5a148e75209"
  name = "github.com/red-gold/telar-core"
  packages = [
    ".",
    "config",
    "data",
    "data/mongodb",
    "server",
    "utils",
  ]
  pruneopts = "UT"
  revision = "bb8c7e4e45cf9631190d9a8807148013822e9e15"

[[projects]]
  branch = "master"
  digest = "1:41b0964c0a389762fcae88af430d62ac3137bcd7fe3520a68ca0c6dc39003e57"
  name = "github.com/red-gold/ts-serverless"
  packages = [
    "src/controllers",
    "src/controllers/social/circles/config",
    "src/controllers/social/circles/handlers",
    "src/domain/social",
    "src/models/social",
    "src/services/social",
  ]
  pruneopts = "UT"
  revision = "dc0b64161f7a385a13ebedb53218a43e44d83904"

[[projects]]
  digest = "1:a3b8912deeef29007fab9a13a9f21b9e9b59c621a2ed61e2fe7b37320a71fbd5"
  name = "github.com/satori/go.uuid"
  packages = ["."]
  pruneopts = "UT"
  revision = "b2ce2384e17bbe0c6d34077efa39dbab3e09123b"

[[projects]]
  digest = "1:04457f9f6f3ffc5fea48e71d62f2ca256637dee0a04d710288e27e05c8b41976"
  name = "github.com/sirupsen/logrus"
  packages = ["."]
  pruneopts = "UT"
  revision = "839c75faf7f98a33d445d181f3018b5c3409a45e"
  version = "v1.4.2"

[[projects]]
  branch = "master"
  digest = "1:40fdfd6ab85ca32b6935853bbba35935dcb1d796c8135efd85947566c76e662e"
  name = "github.com/xdg/scram"
  packages = ["."]
  pruneopts = "UT"
  revision = "7eeb5667e42c09cb51bf7b7c28aea8c56767da90"

[[projects]]
  branch = "master"
  digest = "1:f5c1d04bc09c644c592b45b9f0bad4030521b1a7d11c7dadbb272d9439fa6e8e"
  name = "github.com/xdg/stringprep"
  packages = ["."]
  pruneopts = "UT"
  revision = "73f8eece6fdcd902c185bf651de50f3828bed5ed"

[[projects]]
  digest = "1:27e22fe552475e0b843c0bffe24e6bc5c55cb4c5d68d119b8c79af08b1903bb4"
  name = "go.mongodb.org/mongo-driver"
  packages = [
    "bson",
    "bson/bsoncodec",
    "bson/bsonrw",
    "bson/bsontype",
    "bson/primitive",
    "event",
    "internal",
    "mongo",
    "mongo/options",
    "mongo/readconcern",
    "mongo/readpref",
    "mongo/writeconcern",
    "tag",
    "version",
    "x/bsonx",
    "x/bsonx/bsoncore",
    "x/mongo/driver",
    "x/mongo/driver/address",
    "x/mongo/driver/auth",
    "x/mongo/driver/auth/internal/gssapi",
    "x/mongo/driver/connstring",
    "x/mongo/driver/description",
    "x/mongo/driver/dns",
    "x/mongo/driver/operation",
    "x/mongo/driver/session",
    "x/mongo/driver/topology",
    "x/mongo/driver/uuid",
    "x/mongo/driver/wiremessage",
  ]
  pruneopts = "UT"
  revision = "1261197350f3ad46a907489aee7ecc49b39efb82"
  version = "v1.1.2"

[[projects]]
  branch = "master"
  digest = "1:d71baed52a5a67407a72b63949aa042ea68bb32fdab03e07704a4f1dc309d193"
  name = "golang.org/x/crypto"
  packages = [
    "bcrypt",
    "blowfish",
    "pbkdf2",
  ]
  pruneopts = "UT"
  revision = "87dc89f01550277dc22b74ffcf4cd89fa2f40f4c"

[[projects]]
  branch = "master"
  digest = "1:382bb5a7fb4034db3b6a2d19e5a4a6bcf52f4750530603c01ca18a172fa3089b"
  name = "golang.org/x/sync"
  packages = ["semaphore"]
  pruneopts = "UT"
  revision = "cd5d95a43a6e21273425c7ae415d3df9ea832eeb"

[[projects]]
  branch = "master"
  digest = "1:89c4223950671f7afdc98761c6a601b83594865490c71b434194b6cacf208e6a"
  name = "golang.org/x/sys"
  packages = ["unix"]
  pruneopts = "UT"
  revision = "33540a1f603772f9d4b761f416f5c10dade23e96"

[[projects]]
  digest = "1:1093f2eb4b344996604f7d8b29a16c5b22ab9e1b25652140d3fede39f640d5cd"
  name = "golang.org/x/text"
  packages = [
    "internal/gen",
    "internal/triegen",
    "internal/ucd",
    "transform",
    "unicode/cldr",
    "unicode/norm",
  ]
  pruneopts = "UT"
  revision = "342b2e1fbaa52c93f31447ad2c6abc048c63e475"
  version = "v0.3.2"

[[projects]]
  branch = "v2"
  digest = "1:2642fd0b6900c77247d61d80cf2eb59a374ef4ffc2d25a1b95b87dc355b2894e"
  name = "gopkg.in/mgo.v2"
  packages = [
    "bson",
    "internal/json",
  ]
  pruneopts = "UT"
  revision = "a6b53ec6cb22a3699387a57a161566f9402ee85b"

[solve-meta]
  analyzer-name = "dep"
  analyzer-version = 1
  input-imports = [
    "github.com/openfaas-incubator/go-function-sdk",
    "github.com/red-gold/telar-core/server",
    "github.com/red-gold/telar-core/utils",
    "github.com/red-gold/ts-serverless/src/controllers",
    "github.com/red-gold/ts-serverless/src/controllers/social/circles/config",
    "github.com/red-gold/ts-serverless/src/controllers/social/circles/handlers",
    "github.com/red-gold/ts-serverless/src/domain/social",
    "github.com/red-gold/ts-serverless/src/models/social",
    "github.com/red-gold/ts-serverless/src/services/social",
    "github.com/satori/go.uuid",
  ]
  solver-name = "gps-cdcl"
  solver-version = 1
